
Microsoft Visual Studio Solution File, Format Version 12.00
# Visual Studio Version 17
VisualStudioVersion = 17.2.32505.173
MinimumVisualStudioVersion = 10.0.40219.1
Project("{FAE04EC0-301F-11D3-BF4B-00C04F79EFBC}") = "reservation_back", "reservation_back\reservation_back.csproj", "{2A6004B7-1731-4F17-B312-555D41576411}"
EndProject
Global
	GlobalSection(SolutionConfigurationPlatforms) = preSolution
		Debug|Any CPU = Debug|Any CPU
		Release|Any CPU = Release|Any CPU
	EndGlobalSection
	GlobalSection(ProjectConfigurationPlatforms) = postSolution
		{2A6004B7-1731-4F17-B312-555D41576411}.Debug|Any CPU.ActiveCfg = Debug|Any CPU
		{2A6004B7-1731-4F17-B312-555D41576411}.Debug|Any CPU.Build.0 = Debug|Any CPU
		{2A6004B7-1731-4F17-B312-555D41576411}.Release|Any CPU.ActiveCfg = Release|Any CPU
		{2A6004B7-1731-4F17-B312-555D41576411}.Release|Any CPU.Build.0 = Release|Any CPU
	EndGlobalSection
	GlobalSection(SolutionProperties) = preSolution
		HideSolutionNode = FALSE
	EndGlobalSection
	GlobalSection(ExtensibilityGlobals) = postSolution
		SolutionGuid = {556688DA-4043-467A-A1C3-BFACDE140553}
	EndGlobalSection
EndGlobal
